id: feat_add_code_block
name: Add Code Block Feature
description: Implement a code block feature that allows users to easily add and format code snippets in their blog posts. The code block should support syntax highlighting for multiple programming languages and provide an intuitive interface for users to input their code. This feature will enhance the readability and presentation of technical content on the blog, making it more appealing to developers and technical writers.
business_goal: Enhance the user experience for technical content creators and readers by providing a dedicated code block feature that supports syntax highlighting and easy formatting of code snippets. This will attract more developers and technical writers to use the platform for sharing their knowledge and expertise, ultimately increasing user engagement and retention.
scope:
  in_scope:
    - Design and implement a code block feature that allows users to add and format code snippets in their blog posts.
    - Support syntax highlighting for multiple programming languages, including but not limited to Text, Bash (sh), Python, JavaScript, Java, C++, and Ruby.
    - Provide an intuitive user interface for inputting code, including options for selecting the programming language and customizing the appearance of the code block.
    - Ensure that the code block is responsive and displays correctly on various devices and screen sizes.
    - Integrate the code block feature seamlessly with the existing blog post editor and content management system.
  out_scope:
    - Implementing advanced code editing features such as auto-completion, error checking, or version control integration.
    - Supporting real-time collaboration on code snippets within the blog post editor.
    - Providing a library of pre-defined code snippets or templates for users to choose from.
constraints:
  - The code block feature must be implemented using web technologies that are compatible with the existing platform architecture.
  - The syntax highlighting should be implemented using a well-established library that supports a wide range of programming languages and is actively maintained.
  - The user interface for the code block feature should be designed to be intuitive and user-friendly, minimizing the learning curve for users who may not be familiar with code formatting.
  - The implementation of the code block feature should not significantly impact the performance of the blog post editor or the overall platform.
success_criteria:
  - The code block feature is successfully implemented and integrated into the blog post editor, allowing users to easily add and format code snippets in their posts.
  - The syntax highlighting works correctly for all supported programming languages, enhancing the readability of code snippets.
  - User feedback indicates that the code block feature is intuitive and improves the overall user experience for technical content creators and readers.
  - There is an increase in user engagement and retention among developers and technical writers as a result of the new feature.
metrics:
priority: P1
